
Microsoft Visual Studio Solution File, Format Version 12.00
# Visual Studio Version 17
VisualStudioVersion = 17.4.33205.214
MinimumVisualStudioVersion = 10.0.40219.1
Project("{9A19103F-16F7-4668-BE54-9A1E7A4F7556}") = "ProfileService.BusinessLogic", "src\ProfileService.BusinessLogic\ProfileService.BusinessLogic.csproj", "{93BAB3C5-B26F-43B2-AA2B-E0045758D734}"
EndProject
Project("{9A19103F-16F7-4668-BE54-9A1E7A4F7556}") = "ProfileService.DataAccess", "src\ProfileService.DataAccess\ProfileService.DataAccess.csproj", "{D024F5C6-3612-4AD7-93CA-8D3E45F38548}"
EndProject
Project("{9A19103F-16F7-4668-BE54-9A1E7A4F7556}") = "ProfileService.GRPC", "src\ProfileService.GRPC\ProfileService.GRPC.csproj", "{CFE93E84-AECD-41CC-B553-9966999BB11D}"
EndProject
Project("{9A19103F-16F7-4668-BE54-9A1E7A4F7556}") = "ProfileService.BusinessLogicTests", "src\ProfileService.BusinessLogicTests\ProfileService.BusinessLogicTests.csproj", "{7A113E6F-A41B-4884-A4F3-C1E1F3BF26B6}"
EndProject
Project("{FAE04EC0-301F-11D3-BF4B-00C04F79EFBC}") = "ProfileService.IntegrationTests", "ProfileService.IntegrationTests\ProfileService.IntegrationTests.csproj", "{8EF1A4A0-5AE8-4E20-A21E-876E77622FB4}"
EndProject
Project("{FAE04EC0-301F-11D3-BF4B-00C04F79EFBC}") = "ProfileService.UnitTests", "ProfileService.UnitTests\ProfileService.UnitTests.csproj", "{52D3810E-FCE7-4559-A00E-9819B8A867A5}"
EndProject
Project("{FAE04EC0-301F-11D3-BF4B-00C04F79EFBC}") = "ProfileService.FunctionalTests", "ProfileService.FunctionalTests\ProfileService.FunctionalTests.csproj", "{731DC1F1-CB30-44C4-A6D1-F6A265FCD31C}"
EndProject
Global
	GlobalSection(SolutionConfigurationPlatforms) = preSolution
		Debug|Any CPU = Debug|Any CPU
		Release|Any CPU = Release|Any CPU
	EndGlobalSection
	GlobalSection(ProjectConfigurationPlatforms) = postSolution
		{93BAB3C5-B26F-43B2-AA2B-E0045758D734}.Debug|Any CPU.ActiveCfg = Debug|Any CPU
		{93BAB3C5-B26F-43B2-AA2B-E0045758D734}.Debug|Any CPU.Build.0 = Debug|Any CPU
		{93BAB3C5-B26F-43B2-AA2B-E0045758D734}.Release|Any CPU.ActiveCfg = Release|Any CPU
		{93BAB3C5-B26F-43B2-AA2B-E0045758D734}.Release|Any CPU.Build.0 = Release|Any CPU
		{D024F5C6-3612-4AD7-93CA-8D3E45F38548}.Debug|Any CPU.ActiveCfg = Debug|Any CPU
		{D024F5C6-3612-4AD7-93CA-8D3E45F38548}.Debug|Any CPU.Build.0 = Debug|Any CPU
		{D024F5C6-3612-4AD7-93CA-8D3E45F38548}.Release|Any CPU.ActiveCfg = Release|Any CPU
		{D024F5C6-3612-4AD7-93CA-8D3E45F38548}.Release|Any CPU.Build.0 = Release|Any CPU
		{CFE93E84-AECD-41CC-B553-9966999BB11D}.Debug|Any CPU.ActiveCfg = Debug|Any CPU
		{CFE93E84-AECD-41CC-B553-9966999BB11D}.Debug|Any CPU.Build.0 = Debug|Any CPU
		{CFE93E84-AECD-41CC-B553-9966999BB11D}.Release|Any CPU.ActiveCfg = Release|Any CPU
		{CFE93E84-AECD-41CC-B553-9966999BB11D}.Release|Any CPU.Build.0 = Release|Any CPU
		{7A113E6F-A41B-4884-A4F3-C1E1F3BF26B6}.Debug|Any CPU.ActiveCfg = Debug|Any CPU
		{7A113E6F-A41B-4884-A4F3-C1E1F3BF26B6}.Debug|Any CPU.Build.0 = Debug|Any CPU
		{7A113E6F-A41B-4884-A4F3-C1E1F3BF26B6}.Release|Any CPU.ActiveCfg = Release|Any CPU
		{7A113E6F-A41B-4884-A4F3-C1E1F3BF26B6}.Release|Any CPU.Build.0 = Release|Any CPU
		{8EF1A4A0-5AE8-4E20-A21E-876E77622FB4}.Debug|Any CPU.ActiveCfg = Debug|Any CPU
		{8EF1A4A0-5AE8-4E20-A21E-876E77622FB4}.Debug|Any CPU.Build.0 = Debug|Any CPU
		{8EF1A4A0-5AE8-4E20-A21E-876E77622FB4}.Release|Any CPU.ActiveCfg = Release|Any CPU
		{8EF1A4A0-5AE8-4E20-A21E-876E77622FB4}.Release|Any CPU.Build.0 = Release|Any CPU
		{52D3810E-FCE7-4559-A00E-9819B8A867A5}.Debug|Any CPU.ActiveCfg = Debug|Any CPU
		{52D3810E-FCE7-4559-A00E-9819B8A867A5}.Debug|Any CPU.Build.0 = Debug|Any CPU
		{52D3810E-FCE7-4559-A00E-9819B8A867A5}.Release|Any CPU.ActiveCfg = Release|Any CPU
		{52D3810E-FCE7-4559-A00E-9819B8A867A5}.Release|Any CPU.Build.0 = Release|Any CPU
		{731DC1F1-CB30-44C4-A6D1-F6A265FCD31C}.Debug|Any CPU.ActiveCfg = Debug|Any CPU
		{731DC1F1-CB30-44C4-A6D1-F6A265FCD31C}.Debug|Any CPU.Build.0 = Debug|Any CPU
		{731DC1F1-CB30-44C4-A6D1-F6A265FCD31C}.Release|Any CPU.ActiveCfg = Release|Any CPU
		{731DC1F1-CB30-44C4-A6D1-F6A265FCD31C}.Release|Any CPU.Build.0 = Release|Any CPU
	EndGlobalSection
	GlobalSection(SolutionProperties) = preSolution
		HideSolutionNode = FALSE
	EndGlobalSection
	GlobalSection(ExtensibilityGlobals) = postSolution
		SolutionGuid = {1E4FCB86-2FC3-4C90-BF51-D69003B337A8}
	EndGlobalSection
EndGlobal
